
Microsoft Visual Studio Solution File, Format Version 12.00
# Visual Studio Version 17
VisualStudioVersion = 17.7.34031.279
MinimumVisualStudioVersion = 10.0.40219.1
Project("{FAE04EC0-301F-11D3-BF4B-00C04F79EFBC}") = "Presentacion", "ProyectoNomina\Presentacion.csproj", "{1ED78DE1-111E-4BC8-87BF-84D146304A48}"
EndProject
Project("{FAE04EC0-301F-11D3-BF4B-00C04F79EFBC}") = "AccesoDatos", "AccesoDatos\AccesoDatos.csproj", "{AE9B95FB-27A1-4EE3-873C-78EC1BEB6B28}"
EndProject
Project("{FAE04EC0-301F-11D3-BF4B-00C04F79EFBC}") = "Entidades", "Servicios\Entidades.csproj", "{161E5A29-DB66-4655-9693-23E65DE6483E}"
EndProject
Project("{FAE04EC0-301F-11D3-BF4B-00C04F79EFBC}") = "Dominio", "Dominio\Dominio.csproj", "{9A966868-32BB-4E80-BC82-86ACE389E186}"
EndProject
Global
	GlobalSection(SolutionConfigurationPlatforms) = preSolution
		Debug|Any CPU = Debug|Any CPU
		Release|Any CPU = Release|Any CPU
	EndGlobalSection
	GlobalSection(ProjectConfigurationPlatforms) = postSolution
		{1ED78DE1-111E-4BC8-87BF-84D146304A48}.Debug|Any CPU.ActiveCfg = Debug|Any CPU
		{1ED78DE1-111E-4BC8-87BF-84D146304A48}.Debug|Any CPU.Build.0 = Debug|Any CPU
		{1ED78DE1-111E-4BC8-87BF-84D146304A48}.Release|Any CPU.ActiveCfg = Release|Any CPU
		{1ED78DE1-111E-4BC8-87BF-84D146304A48}.Release|Any CPU.Build.0 = Release|Any CPU
		{AE9B95FB-27A1-4EE3-873C-78EC1BEB6B28}.Debug|Any CPU.ActiveCfg = Debug|Any CPU
		{AE9B95FB-27A1-4EE3-873C-78EC1BEB6B28}.Debug|Any CPU.Build.0 = Debug|Any CPU
		{AE9B95FB-27A1-4EE3-873C-78EC1BEB6B28}.Release|Any CPU.ActiveCfg = Release|Any CPU
		{AE9B95FB-27A1-4EE3-873C-78EC1BEB6B28}.Release|Any CPU.Build.0 = Release|Any CPU
		{161E5A29-DB66-4655-9693-23E65DE6483E}.Debug|Any CPU.ActiveCfg = Debug|Any CPU
		{161E5A29-DB66-4655-9693-23E65DE6483E}.Debug|Any CPU.Build.0 = Debug|Any CPU
		{161E5A29-DB66-4655-9693-23E65DE6483E}.Release|Any CPU.ActiveCfg = Release|Any CPU
		{161E5A29-DB66-4655-9693-23E65DE6483E}.Release|Any CPU.Build.0 = Release|Any CPU
		{9A966868-32BB-4E80-BC82-86ACE389E186}.Debug|Any CPU.ActiveCfg = Debug|Any CPU
		{9A966868-32BB-4E80-BC82-86ACE389E186}.Debug|Any CPU.Build.0 = Debug|Any CPU
		{9A966868-32BB-4E80-BC82-86ACE389E186}.Release|Any CPU.ActiveCfg = Release|Any CPU
		{9A966868-32BB-4E80-BC82-86ACE389E186}.Release|Any CPU.Build.0 = Release|Any CPU
	EndGlobalSection
	GlobalSection(SolutionProperties) = preSolution
		HideSolutionNode = FALSE
	EndGlobalSection
	GlobalSection(ExtensibilityGlobals) = postSolution
		SolutionGuid = {39756092-DDAC-4ED1-B328-20153CFF9107}
	EndGlobalSection
EndGlobal
